
Microsoft Visual Studio Solution File, Format Version 11.00
# Visual Studio 2010
Project("{FAE04EC0-301F-11D3-BF4B-00C04F79EFBC}") = "ZadatakA1", "ZadatakA1\ZadatakA1.csproj", "{F1C5A2AE-8A8A-4BA1-8ED7-8EDCA2E8D80A}"
EndProject
Global
	GlobalSection(SolutionConfigurationPlatforms) = preSolution
		Debug|Any CPU = Debug|Any CPU
		Release|Any CPU = Release|Any CPU
	EndGlobalSection
	GlobalSection(ProjectConfigurationPlatforms) = postSolution
		{F1C5A2AE-8A8A-4BA1-8ED7-8EDCA2E8D80A}.Debug|Any CPU.ActiveCfg = Debug|Any CPU
		{F1C5A2AE-8A8A-4BA1-8ED7-8EDCA2E8D80A}.Debug|Any CPU.Build.0 = Debug|Any CPU
		{F1C5A2AE-8A8A-4BA1-8ED7-8EDCA2E8D80A}.Release|Any CPU.ActiveCfg = Release|Any CPU
		{F1C5A2AE-8A8A-4BA1-8ED7-8EDCA2E8D80A}.Release|Any CPU.Build.0 = Release|Any CPU
	EndGlobalSection
	GlobalSection(SolutionProperties) = preSolution
		HideSolutionNode = FALSE
	EndGlobalSection
EndGlobal
